
Microsoft Visual Studio Solution File, Format Version 12.00
# Visual Studio Version 17
VisualStudioVersion = 17.6.33723.286
MinimumVisualStudioVersion = 10.0.40219.1
Project("{FAE04EC0-301F-11D3-BF4B-00C04F79EFBC}") = "Airlock", "Airlock\Airlock.csproj", "{70F1B249-93B8-4137-A12D-62EE59125A8A}"
EndProject
Global
	GlobalSection(SolutionConfigurationPlatforms) = preSolution
		Debug|x64 = Debug|x64
	EndGlobalSection
	GlobalSection(ProjectConfigurationPlatforms) = postSolution
		{70F1B249-93B8-4137-A12D-62EE59125A8A}.Debug|x64.ActiveCfg = Debug|x64
		{70F1B249-93B8-4137-A12D-62EE59125A8A}.Debug|x64.Build.0 = Debug|x64
	EndGlobalSection
	GlobalSection(SolutionProperties) = preSolution
		HideSolutionNode = FALSE
	EndGlobalSection
	GlobalSection(ExtensibilityGlobals) = postSolution
		SolutionGuid = {91E68A66-AD75-4BDC-8851-C2AAA04E392B}
	EndGlobalSection
EndGlobal
